<?xml version="1.0" encoding="UTF-8" standalone="yes" ?>
<CodeBlocks_project_file>
	<FileVersion major="1" minor="6" />
	<Project>
		<Option title="PrakCG" />
		<Option pch_mode="2" />
		<Option compiler="gcc" />
		<Build>
			<Target title="Debug Win32">
				<Option output="Debug/PrakCG" prefix_auto="1" extension_auto="1" />
				<Option working_dir="Release" />
				<Option object_output="Debug" />
				<Option type="1" />
				<Option compiler="gcc" />
				<Compiler>
					<Add option="-g" />
				</Compiler>
				<Linker>
					<Add option="-std=c++98" />
					<Add option="-lfreeglut" />
					<Add option="-lopengl32" />
					<Add option="-lglu32" />
					<Add option="-lgdi32" />
					<Add option="-static" />
					<Add directory="Include" />
				</Linker>
			</Target>
			<Target title="Release Win32">
				<Option output="Release/PrakCG" prefix_auto="1" extension_auto="1" />
				<Option working_dir="Release" />
				<Option object_output="Release" />
				<Option type="1" />
				<Option compiler="gcc" />
				<Option use_console_runner="0" />
				<Compiler>
					<Add option="-fomit-frame-pointer" />
					<Add option="-fexpensive-optimizations" />
					<Add option="-O3" />
					<Add option="-std=c++98" />
				</Compiler>
				<Linker>
					<Add option="-s" />
					<Add option="-std=c++98" />
					<Add option="-lfreeglut" />
					<Add option="-lopengl32" />
					<Add option="-lglu32" />
					<Add option="-lgdi32" />
					<Add option="-static" />
					<Add directory="Include" />
				</Linker>
			</Target>
			<Target title="Debug Linux">
				<Option output="Debug/PrakCG" prefix_auto="1" extension_auto="1" />
				<Option working_dir="Release" />
				<Option object_output="Debug" />
				<Option type="1" />
				<Option compiler="gcc" />
				<Compiler>
					<Add option="-g" />
				</Compiler>
				<Linker>
					<Add option="-std=c++98" />
					<Add option="-lglut" />
					<Add option="-lGL" />
					<Add option="-lGLU" />
				</Linker>
			</Target>
			<Target title="Release Linux">
				<Option output="Release/PrakCG" prefix_auto="1" extension_auto="1" />
				<Option working_dir="Release" />
				<Option object_output="Release" />
				<Option type="1" />
				<Option compiler="gcc" />
				<Option use_console_runner="0" />
				<Compiler>
					<Add option="-fomit-frame-pointer" />
					<Add option="-fexpensive-optimizations" />
					<Add option="-O3" />
					<Add option="-std=c++98" />
				</Compiler>
				<Linker>
					<Add option="-s" />
					<Add option="-std=c++98" />
					<Add option="-lglut" />
					<Add option="-lGL" />
					<Add option="-lGLU" />
				</Linker>
			</Target>
		</Build>
		<Compiler>
			<Add option="-Wnon-virtual-dtor" />
			<Add option="-Wshadow" />
			<Add option="-Winit-self" />
			<Add option="-Wredundant-decls" />
			<Add option="-Wcast-align" />
			<Add option="-Wfloat-equal" />
			<Add option="-Winline" />
			<Add option="-Wunreachable-code" />
			<Add option="-Wmissing-declarations" />
			<Add option="-Wmissing-include-dirs" />
			<Add option="-Wswitch-enum" />
			<Add option="-Wmain" />
			<Add option="-pedantic" />
			<Add option="-std=c++98" />
			<Add option="-Wfatal-errors" />
			<Add option="-Wall" />
			<Add option="-ansi" />
			<Add option="-Wno-long-long" />
			<Add option="-Wno-unknown-pragmas" />
			<Add option="-Wno-unused-but-set-variable" />
		</Compiler>
		<Unit filename="Template_PrakCG.cpp" />
		<Unit filename="help.cpp" />
		<Unit filename="help.h" />
		<Unit filename="image.cpp" />
		<Unit filename="image.h" />
		<Unit filename="input.cpp" />
		<Unit filename="input.h" />
		<Unit filename="light.cpp" />
		<Unit filename="light.h" />
		<Unit filename="wavefront.cpp" />
		<Unit filename="wavefront.h" />
		<Unit filename="window.cpp" />
		<Unit filename="window.h" />
		<Extensions>
			<code_completion />
			<envvars />
			<debugger />
		</Extensions>
	</Project>
</CodeBlocks_project_file>
