<?xml version="1.0" encoding="utf-8"?>
<Project ToolsVersion="4.0" xmlns="http://schemas.microsoft.com/developer/msbuild/2003">
  <ItemGroup>
    <Filter Include="Quelldateien">
      <UniqueIdentifier>{4FC737F1-C7A5-4376-A066-2A32D752A2FF}</UniqueIdentifier>
      <Extensions>cpp;c;cc;cxx;def;odl;idl;hpj;bat;asm;asmx</Extensions>
    </Filter>
    <Filter Include="Headerdateien">
      <UniqueIdentifier>{93995380-89BD-4b04-88EB-625FBE52EBFB}</UniqueIdentifier>
      <Extensions>h;hpp;hxx;hm;inl;inc;xsd</Extensions>
    </Filter>
  </ItemGroup>
  <ItemGroup>
    <ClCompile Include="help.cpp">
      <Filter>Quelldateien</Filter>
    </ClCompile>
    <ClCompile Include="input.cpp">
      <Filter>Quelldateien</Filter>
    </ClCompile>
    <ClCompile Include="light.cpp">
      <Filter>Quelldateien</Filter>
    </ClCompile>
    <ClCompile Include="window.cpp">
      <Filter>Quelldateien</Filter>
    </ClCompile>
    <ClCompile Include="wavefront.cpp">
      <Filter>Quelldateien</Filter>
    </ClCompile>
    <ClCompile Include="image.cpp">
      <Filter>Quelldateien</Filter>
    </ClCompile>
    <ClCompile Include="main.cpp">
      <Filter>Quelldateien</Filter>
    </ClCompile>
  </ItemGroup>
  <ItemGroup>
    <ClInclude Include="help.h">
      <Filter>Headerdateien</Filter>
    </ClInclude>
    <ClInclude Include="input.h">
      <Filter>Headerdateien</Filter>
    </ClInclude>
    <ClInclude Include="light.h">
      <Filter>Headerdateien</Filter>
    </ClInclude>
    <ClInclude Include="window.h">
      <Filter>Headerdateien</Filter>
    </ClInclude>
    <ClInclude Include="wavefront.h">
      <Filter>Headerdateien</Filter>
    </ClInclude>
    <ClInclude Include="image.h">
      <Filter>Headerdateien</Filter>
    </ClInclude>
  </ItemGroup>
</Project>